
Microsoft Visual Studio Solution File, Format Version 12.00
# Visual Studio 14
VisualStudioVersion = 14.0.25420.1
MinimumVisualStudioVersion = 10.0.40219.1
Project("{FAE04EC0-301F-11D3-BF4B-00C04F79EFBC}") = "ConvertDegrees", "ConvertDegrees\ConvertDegrees.csproj", "{7D208023-DD36-47C6-A1B7-E463C469F561}"
EndProject
Project("{FAE04EC0-301F-11D3-BF4B-00C04F79EFBC}") = "InvertingLetters", "InvertingLetters\InvertingLetters.csproj", "{19A1DD07-BD66-43DD-BF23-042CDFAB2947}"
EndProject
Project("{FAE04EC0-301F-11D3-BF4B-00C04F79EFBC}") = "PrintNumbersWithRecursion", "PrintNumbersWithRecursion\PrintNumbersWithRecursion.csproj", "{C7874862-A6C4-4C21-9EAB-3F92EF351F39}"
EndProject
Project("{FAE04EC0-301F-11D3-BF4B-00C04F79EFBC}") = "UsingLINQ", "UsingLINQ\UsingLINQ.csproj", "{046A292D-0BEA-4346-9D93-BEA90A66D21B}"
EndProject
Project("{FAE04EC0-301F-11D3-BF4B-00C04F79EFBC}") = "CheckStringConcatenation", "CheckStringConcatenation\CheckStringConcatenation.csproj", "{7CAF329B-7C5A-4874-BEE5-4510247B2726}"
EndProject
Project("{FAE04EC0-301F-11D3-BF4B-00C04F79EFBC}") = "CheckStringConcatenationTest", "CheckStringConcatenationTest\CheckStringConcatenationTest.csproj", "{B50FC665-C301-4AA0-938F-FB82F6099337}"
EndProject
Project("{FAE04EC0-301F-11D3-BF4B-00C04F79EFBC}") = "PowerNumbersAndSums", "PowerNumbersAndSums\PowerNumbersAndSums.csproj", "{ED5DC7B2-D61A-4E2A-BAF8-FBA2760FAE30}"
EndProject
Project("{FAE04EC0-301F-11D3-BF4B-00C04F79EFBC}") = "PowerNumbersAndSumsTest", "PowerNumbersAndSumsTest\PowerNumbersAndSumsTest.csproj", "{7A3083D3-3B7D-4272-BA2B-F36620CE96E6}"
EndProject
Project("{FAE04EC0-301F-11D3-BF4B-00C04F79EFBC}") = "WeightForWeight", "WeightForWeight\WeightForWeight.csproj", "{C89CD2B5-99CC-4998-989C-631EBF304827}"
EndProject
Project("{FAE04EC0-301F-11D3-BF4B-00C04F79EFBC}") = "WeightForWeightTest", "WeightForWeightTest\WeightForWeightTest.csproj", "{6C4D7173-1603-49D6-9194-7692C46C7A52}"
EndProject
Project("{FAE04EC0-301F-11D3-BF4B-00C04F79EFBC}") = "RangeOfNumbersWithStep", "RangeOfNumbersWithStep\RangeOfNumbersWithStep.csproj", "{1C902A87-1720-4DC8-B3F5-9C09238ADFF7}"
EndProject
Project("{FAE04EC0-301F-11D3-BF4B-00C04F79EFBC}") = "RemovingFinalZeros", "RemovingFinalZeros\RemovingFinalZeros.csproj", "{659C3F0D-43E6-49FB-B7FE-487C0073AF8E}"
EndProject
Project("{FAE04EC0-301F-11D3-BF4B-00C04F79EFBC}") = "RandomNumberGenerator", "RandomNumberGenerator\RandomNumberGenerator.csproj", "{2D210355-F50C-46BE-9BF2-642A3B1B23AD}"
EndProject
Project("{FAE04EC0-301F-11D3-BF4B-00C04F79EFBC}") = "ReverseCharCase", "ReverseCharCase\ReverseCharCase.csproj", "{84849843-559F-4544-BED1-A7DC908B1804}"
EndProject
Project("{FAE04EC0-301F-11D3-BF4B-00C04F79EFBC}") = "UsingPredicate", "UsingPredicate\UsingPredicate.csproj", "{9999FDB2-F15A-47DF-8075-431A436B3841}"
EndProject
Project("{FAE04EC0-301F-11D3-BF4B-00C04F79EFBC}") = "CheckingSquareRoot", "CheckingSquareRoot\CheckingSquareRoot.csproj", "{AEEAF56C-5DA6-4229-9857-255AF512245A}"
EndProject
Project("{FAE04EC0-301F-11D3-BF4B-00C04F79EFBC}") = "CalculatingPeopleInTheBus", "CalculatingPeopleInTheBus\CalculatingPeopleInTheBus.csproj", "{CD9FD369-57C3-4D2B-A079-FDF51897516B}"
EndProject
Project("{FAE04EC0-301F-11D3-BF4B-00C04F79EFBC}") = "UsingDependencyInjection", "UsingDependencyInjection\UsingDependencyInjection.csproj", "{4C12B197-F179-4EE2-AA01-3B2E936E9F41}"
EndProject
Project("{FAE04EC0-301F-11D3-BF4B-00C04F79EFBC}") = "CrakingLock", "CrakingLock\CrakingLock.csproj", "{2B9B33E1-6486-474F-B6C4-24A452D7EAAE}"
EndProject
Global
	GlobalSection(SolutionConfigurationPlatforms) = preSolution
		Debug|Any CPU = Debug|Any CPU
		Release|Any CPU = Release|Any CPU
	EndGlobalSection
	GlobalSection(ProjectConfigurationPlatforms) = postSolution
		{7D208023-DD36-47C6-A1B7-E463C469F561}.Debug|Any CPU.ActiveCfg = Debug|Any CPU
		{7D208023-DD36-47C6-A1B7-E463C469F561}.Debug|Any CPU.Build.0 = Debug|Any CPU
		{7D208023-DD36-47C6-A1B7-E463C469F561}.Release|Any CPU.ActiveCfg = Release|Any CPU
		{7D208023-DD36-47C6-A1B7-E463C469F561}.Release|Any CPU.Build.0 = Release|Any CPU
		{19A1DD07-BD66-43DD-BF23-042CDFAB2947}.Debug|Any CPU.ActiveCfg = Debug|Any CPU
		{19A1DD07-BD66-43DD-BF23-042CDFAB2947}.Debug|Any CPU.Build.0 = Debug|Any CPU
		{19A1DD07-BD66-43DD-BF23-042CDFAB2947}.Release|Any CPU.ActiveCfg = Release|Any CPU
		{19A1DD07-BD66-43DD-BF23-042CDFAB2947}.Release|Any CPU.Build.0 = Release|Any CPU
		{C7874862-A6C4-4C21-9EAB-3F92EF351F39}.Debug|Any CPU.ActiveCfg = Debug|Any CPU
		{C7874862-A6C4-4C21-9EAB-3F92EF351F39}.Debug|Any CPU.Build.0 = Debug|Any CPU
		{C7874862-A6C4-4C21-9EAB-3F92EF351F39}.Release|Any CPU.ActiveCfg = Release|Any CPU
		{C7874862-A6C4-4C21-9EAB-3F92EF351F39}.Release|Any CPU.Build.0 = Release|Any CPU
		{046A292D-0BEA-4346-9D93-BEA90A66D21B}.Debug|Any CPU.ActiveCfg = Debug|Any CPU
		{046A292D-0BEA-4346-9D93-BEA90A66D21B}.Debug|Any CPU.Build.0 = Debug|Any CPU
		{046A292D-0BEA-4346-9D93-BEA90A66D21B}.Release|Any CPU.ActiveCfg = Release|Any CPU
		{046A292D-0BEA-4346-9D93-BEA90A66D21B}.Release|Any CPU.Build.0 = Release|Any CPU
		{7CAF329B-7C5A-4874-BEE5-4510247B2726}.Debug|Any CPU.ActiveCfg = Debug|Any CPU
		{7CAF329B-7C5A-4874-BEE5-4510247B2726}.Debug|Any CPU.Build.0 = Debug|Any CPU
		{7CAF329B-7C5A-4874-BEE5-4510247B2726}.Release|Any CPU.ActiveCfg = Release|Any CPU
		{7CAF329B-7C5A-4874-BEE5-4510247B2726}.Release|Any CPU.Build.0 = Release|Any CPU
		{B50FC665-C301-4AA0-938F-FB82F6099337}.Debug|Any CPU.ActiveCfg = Debug|Any CPU
		{B50FC665-C301-4AA0-938F-FB82F6099337}.Debug|Any CPU.Build.0 = Debug|Any CPU
		{B50FC665-C301-4AA0-938F-FB82F6099337}.Release|Any CPU.ActiveCfg = Release|Any CPU
		{B50FC665-C301-4AA0-938F-FB82F6099337}.Release|Any CPU.Build.0 = Release|Any CPU
		{ED5DC7B2-D61A-4E2A-BAF8-FBA2760FAE30}.Debug|Any CPU.ActiveCfg = Debug|Any CPU
		{ED5DC7B2-D61A-4E2A-BAF8-FBA2760FAE30}.Debug|Any CPU.Build.0 = Debug|Any CPU
		{ED5DC7B2-D61A-4E2A-BAF8-FBA2760FAE30}.Release|Any CPU.ActiveCfg = Release|Any CPU
		{ED5DC7B2-D61A-4E2A-BAF8-FBA2760FAE30}.Release|Any CPU.Build.0 = Release|Any CPU
		{7A3083D3-3B7D-4272-BA2B-F36620CE96E6}.Debug|Any CPU.ActiveCfg = Debug|Any CPU
		{7A3083D3-3B7D-4272-BA2B-F36620CE96E6}.Debug|Any CPU.Build.0 = Debug|Any CPU
		{7A3083D3-3B7D-4272-BA2B-F36620CE96E6}.Release|Any CPU.ActiveCfg = Release|Any CPU
		{7A3083D3-3B7D-4272-BA2B-F36620CE96E6}.Release|Any CPU.Build.0 = Release|Any CPU
		{C89CD2B5-99CC-4998-989C-631EBF304827}.Debug|Any CPU.ActiveCfg = Debug|Any CPU
		{C89CD2B5-99CC-4998-989C-631EBF304827}.Debug|Any CPU.Build.0 = Debug|Any CPU
		{C89CD2B5-99CC-4998-989C-631EBF304827}.Release|Any CPU.ActiveCfg = Release|Any CPU
		{C89CD2B5-99CC-4998-989C-631EBF304827}.Release|Any CPU.Build.0 = Release|Any CPU
		{6C4D7173-1603-49D6-9194-7692C46C7A52}.Debug|Any CPU.ActiveCfg = Debug|Any CPU
		{6C4D7173-1603-49D6-9194-7692C46C7A52}.Debug|Any CPU.Build.0 = Debug|Any CPU
		{6C4D7173-1603-49D6-9194-7692C46C7A52}.Release|Any CPU.ActiveCfg = Release|Any CPU
		{6C4D7173-1603-49D6-9194-7692C46C7A52}.Release|Any CPU.Build.0 = Release|Any CPU
		{1C902A87-1720-4DC8-B3F5-9C09238ADFF7}.Debug|Any CPU.ActiveCfg = Debug|Any CPU
		{1C902A87-1720-4DC8-B3F5-9C09238ADFF7}.Debug|Any CPU.Build.0 = Debug|Any CPU
		{1C902A87-1720-4DC8-B3F5-9C09238ADFF7}.Release|Any CPU.ActiveCfg = Release|Any CPU
		{1C902A87-1720-4DC8-B3F5-9C09238ADFF7}.Release|Any CPU.Build.0 = Release|Any CPU
		{659C3F0D-43E6-49FB-B7FE-487C0073AF8E}.Debug|Any CPU.ActiveCfg = Debug|Any CPU
		{659C3F0D-43E6-49FB-B7FE-487C0073AF8E}.Debug|Any CPU.Build.0 = Debug|Any CPU
		{659C3F0D-43E6-49FB-B7FE-487C0073AF8E}.Release|Any CPU.ActiveCfg = Release|Any CPU
		{659C3F0D-43E6-49FB-B7FE-487C0073AF8E}.Release|Any CPU.Build.0 = Release|Any CPU
		{2D210355-F50C-46BE-9BF2-642A3B1B23AD}.Debug|Any CPU.ActiveCfg = Debug|Any CPU
		{2D210355-F50C-46BE-9BF2-642A3B1B23AD}.Debug|Any CPU.Build.0 = Debug|Any CPU
		{2D210355-F50C-46BE-9BF2-642A3B1B23AD}.Release|Any CPU.ActiveCfg = Release|Any CPU
		{2D210355-F50C-46BE-9BF2-642A3B1B23AD}.Release|Any CPU.Build.0 = Release|Any CPU
		{84849843-559F-4544-BED1-A7DC908B1804}.Debug|Any CPU.ActiveCfg = Debug|Any CPU
		{84849843-559F-4544-BED1-A7DC908B1804}.Debug|Any CPU.Build.0 = Debug|Any CPU
		{84849843-559F-4544-BED1-A7DC908B1804}.Release|Any CPU.ActiveCfg = Release|Any CPU
		{84849843-559F-4544-BED1-A7DC908B1804}.Release|Any CPU.Build.0 = Release|Any CPU
		{9999FDB2-F15A-47DF-8075-431A436B3841}.Debug|Any CPU.ActiveCfg = Debug|Any CPU
		{9999FDB2-F15A-47DF-8075-431A436B3841}.Debug|Any CPU.Build.0 = Debug|Any CPU
		{9999FDB2-F15A-47DF-8075-431A436B3841}.Release|Any CPU.ActiveCfg = Release|Any CPU
		{9999FDB2-F15A-47DF-8075-431A436B3841}.Release|Any CPU.Build.0 = Release|Any CPU
		{AEEAF56C-5DA6-4229-9857-255AF512245A}.Debug|Any CPU.ActiveCfg = Debug|Any CPU
		{AEEAF56C-5DA6-4229-9857-255AF512245A}.Debug|Any CPU.Build.0 = Debug|Any CPU
		{AEEAF56C-5DA6-4229-9857-255AF512245A}.Release|Any CPU.ActiveCfg = Release|Any CPU
		{AEEAF56C-5DA6-4229-9857-255AF512245A}.Release|Any CPU.Build.0 = Release|Any CPU
		{CD9FD369-57C3-4D2B-A079-FDF51897516B}.Debug|Any CPU.ActiveCfg = Debug|Any CPU
		{CD9FD369-57C3-4D2B-A079-FDF51897516B}.Debug|Any CPU.Build.0 = Debug|Any CPU
		{CD9FD369-57C3-4D2B-A079-FDF51897516B}.Release|Any CPU.ActiveCfg = Release|Any CPU
		{CD9FD369-57C3-4D2B-A079-FDF51897516B}.Release|Any CPU.Build.0 = Release|Any CPU
		{4C12B197-F179-4EE2-AA01-3B2E936E9F41}.Debug|Any CPU.ActiveCfg = Debug|Any CPU
		{4C12B197-F179-4EE2-AA01-3B2E936E9F41}.Debug|Any CPU.Build.0 = Debug|Any CPU
		{4C12B197-F179-4EE2-AA01-3B2E936E9F41}.Release|Any CPU.ActiveCfg = Release|Any CPU
		{4C12B197-F179-4EE2-AA01-3B2E936E9F41}.Release|Any CPU.Build.0 = Release|Any CPU
		{2B9B33E1-6486-474F-B6C4-24A452D7EAAE}.Debug|Any CPU.ActiveCfg = Debug|Any CPU
		{2B9B33E1-6486-474F-B6C4-24A452D7EAAE}.Debug|Any CPU.Build.0 = Debug|Any CPU
		{2B9B33E1-6486-474F-B6C4-24A452D7EAAE}.Release|Any CPU.ActiveCfg = Release|Any CPU
		{2B9B33E1-6486-474F-B6C4-24A452D7EAAE}.Release|Any CPU.Build.0 = Release|Any CPU
	EndGlobalSection
	GlobalSection(SolutionProperties) = preSolution
		HideSolutionNode = FALSE
	EndGlobalSection
EndGlobal
